// !$*UTF8*$!
{
	archiveVersion = 1;
	classes = {
	};
	objectVersion = 51;
	objects = {

/* Begin PBXBuildFile section */
		9EFB9A4261C702F5344DB24C /* Pods_atThatTimeHere.framework in Frameworks */ = {isa = PBXBuildFile; fileRef = 2DB03DBBED17A0E08486FEA1 /* Pods_atThatTimeHere.framework */; };
		A109581C282BEA530005F493 /* SilencePlayerService.swift in Sources */ = {isa = PBXBuildFile; fileRef = A109581B282BEA530005F493 /* SilencePlayerService.swift */; };
		A15E678F26DDB7E100D1A9FB /* Note.swift in Sources */ = {isa = PBXBuildFile; fileRef = A15E678E26DDB7E100D1A9FB /* Note.swift */; };
		A15E679326DE568B00D1A9FB /* PickerPhotoView.swift in Sources */ = {isa = PBXBuildFile; fileRef = A15E679226DE568B00D1A9FB /* PickerPhotoView.swift */; };
		A15E679526E0AB5700D1A9FB /* NoteListTableViewCell.swift in Sources */ = {isa = PBXBuildFile; fileRef = A15E679426E0AB5700D1A9FB /* NoteListTableViewCell.swift */; };
		A15E679726E1067800D1A9FB /* NoteListViewModel.swift in Sources */ = {isa = PBXBuildFile; fileRef = A15E679626E1067800D1A9FB /* NoteListViewModel.swift */; };
		A15E679926EB4C9C00D1A9FB /* CustomError.swift in Sources */ = {isa = PBXBuildFile; fileRef = A15E679826EB4C9C00D1A9FB /* CustomError.swift */; };
		A15E67A726F0901C00D1A9FB /* InfoPlist.strings in Resources */ = {isa = PBXBuildFile; fileRef = A15E67A926F0901C00D1A9FB /* InfoPlist.strings */; };
		A1789373292506FE007893FB /* Localizable.strings in Resources */ = {isa = PBXBuildFile; fileRef = A1789375292506FE007893FB /* Localizable.strings */; };
		A178937929250757007893FB /* String+.swift in Sources */ = {isa = PBXBuildFile; fileRef = A178937829250757007893FB /* String+.swift */; };
		A180D55926D67AD10076458B /* AppDelegate.swift in Sources */ = {isa = PBXBuildFile; fileRef = A180D55826D67AD10076458B /* AppDelegate.swift */; };
		A180D55B26D67AD10076458B /* SceneDelegate.swift in Sources */ = {isa = PBXBuildFile; fileRef = A180D55A26D67AD10076458B /* SceneDelegate.swift */; };
		A180D55D26D67AD10076458B /* IntroViewController.swift in Sources */ = {isa = PBXBuildFile; fileRef = A180D55C26D67AD10076458B /* IntroViewController.swift */; };
		A180D56026D67AD10076458B /* Main.storyboard in Resources */ = {isa = PBXBuildFile; fileRef = A180D55E26D67AD10076458B /* Main.storyboard */; };
		A180D56226D67AD20076458B /* Assets.xcassets in Resources */ = {isa = PBXBuildFile; fileRef = A180D56126D67AD20076458B /* Assets.xcassets */; };
		A180D56526D67AD20076458B /* LaunchScreen.storyboard in Resources */ = {isa = PBXBuildFile; fileRef = A180D56326D67AD20076458B /* LaunchScreen.storyboard */; };
		A180D56E26D67BF90076458B /* Constants.swift in Sources */ = {isa = PBXBuildFile; fileRef = A180D56D26D67BF90076458B /* Constants.swift */; };
		A180D57026D67C0B0076458B /* SQLite.swift in Sources */ = {isa = PBXBuildFile; fileRef = A180D56F26D67C0B0076458B /* SQLite.swift */; };
		A180D57326D67CDB0076458B /* AuthService.swift in Sources */ = {isa = PBXBuildFile; fileRef = A180D57226D67CDB0076458B /* AuthService.swift */; };
		A180D57626D67D0D0076458B /* NoteService.swift in Sources */ = {isa = PBXBuildFile; fileRef = A180D57526D67D0D0076458B /* NoteService.swift */; };
		A180D57B26D67D9F0076458B /* User.swift in Sources */ = {isa = PBXBuildFile; fileRef = A180D57A26D67D9F0076458B /* User.swift */; };
		A180D57D26D67DBF0076458B /* AuthViewModel.swift in Sources */ = {isa = PBXBuildFile; fileRef = A180D57C26D67DBF0076458B /* AuthViewModel.swift */; };
		A180D58026D67DE20076458B /* TextFieldWithPlaceholder.swift in Sources */ = {isa = PBXBuildFile; fileRef = A180D57F26D67DE20076458B /* TextFieldWithPlaceholder.swift */; };
		A180D58226D67E060076458B /* MainTabViewController.swift in Sources */ = {isa = PBXBuildFile; fileRef = A180D58126D67E060076458B /* MainTabViewController.swift */; };
		A180D58426D67E990076458B /* LoginViewController.swift in Sources */ = {isa = PBXBuildFile; fileRef = A180D58326D67E990076458B /* LoginViewController.swift */; };
		A180D58626D71CBA0076458B /* RegisterViewController.swift in Sources */ = {isa = PBXBuildFile; fileRef = A180D58526D71CBA0076458B /* RegisterViewController.swift */; };
		A180D58826D71CCC0076458B /* BaseViewController.swift in Sources */ = {isa = PBXBuildFile; fileRef = A180D58726D71CCC0076458B /* BaseViewController.swift */; };
		A180D58A26D72B640076458B /* NoteListViewController.swift in Sources */ = {isa = PBXBuildFile; fileRef = A180D58926D72B640076458B /* NoteListViewController.swift */; };
		A180D58E26D737A90076458B /* DXBarunscriptM-KSCpc-EUC-H.ttf in Resources */ = {isa = PBXBuildFile; fileRef = A180D58D26D737970076458B /* DXBarunscriptM-KSCpc-EUC-H.ttf */; };
		A180D59026D747080076458B /* DividerView.swift in Sources */ = {isa = PBXBuildFile; fileRef = A180D58F26D747080076458B /* DividerView.swift */; };
		A180D59226D74A7F0076458B /* MenuViewController.swift in Sources */ = {isa = PBXBuildFile; fileRef = A180D59126D74A7F0076458B /* MenuViewController.swift */; };
		A180D59426D75C100076458B /* SettingViewController.swift in Sources */ = {isa = PBXBuildFile; fileRef = A180D59326D75C100076458B /* SettingViewController.swift */; };
		A180D59626D766560076458B /* NoteViewController.swift in Sources */ = {isa = PBXBuildFile; fileRef = A180D59526D766560076458B /* NoteViewController.swift */; };
		A180D59826D766F30076458B /* NoteViewModel.swift in Sources */ = {isa = PBXBuildFile; fileRef = A180D59726D766F30076458B /* NoteViewModel.swift */; };
		A180D59C26D77EA90076458B /* PhotoService.swift in Sources */ = {isa = PBXBuildFile; fileRef = A180D59B26D77EA90076458B /* PhotoService.swift */; };
/* End PBXBuildFile section */

/* Begin PBXFileReference section */
		241F2CAA5EB3B204A8356B8F /* Pods-atThatTimeHere.debug.xcconfig */ = {isa = PBXFileReference; includeInIndex = 1; lastKnownFileType = text.xcconfig; name = "Pods-atThatTimeHere.debug.xcconfig"; path = "Target Support Files/Pods-atThatTimeHere/Pods-atThatTimeHere.debug.xcconfig"; sourceTree = "<group>"; };
		2DB03DBBED17A0E08486FEA1 /* Pods_atThatTimeHere.framework */ = {isa = PBXFileReference; explicitFileType = wrapper.framework; includeInIndex = 0; path = Pods_atThatTimeHere.framework; sourceTree = BUILT_PRODUCTS_DIR; };
		A109581B282BEA530005F493 /* SilencePlayerService.swift */ = {isa = PBXFileReference; lastKnownFileType = sourcecode.swift; path = SilencePlayerService.swift; sourceTree = "<group>"; };
		A15E678E26DDB7E100D1A9FB /* Note.swift */ = {isa = PBXFileReference; lastKnownFileType = sourcecode.swift; path = Note.swift; sourceTree = "<group>"; };
		A15E679226DE568B00D1A9FB /* PickerPhotoView.swift */ = {isa = PBXFileReference; lastKnownFileType = sourcecode.swift; path = PickerPhotoView.swift; sourceTree = "<group>"; };
		A15E679426E0AB5700D1A9FB /* NoteListTableViewCell.swift */ = {isa = PBXFileReference; lastKnownFileType = sourcecode.swift; path = NoteListTableViewCell.swift; sourceTree = "<group>"; };
		A15E679626E1067800D1A9FB /* NoteListViewModel.swift */ = {isa = PBXFileReference; lastKnownFileType = sourcecode.swift; path = NoteListViewModel.swift; sourceTree = "<group>"; };
		A15E679826EB4C9C00D1A9FB /* CustomError.swift */ = {isa = PBXFileReference; lastKnownFileType = sourcecode.swift; path = CustomError.swift; sourceTree = "<group>"; };
		A15E67A826F0901C00D1A9FB /* ko */ = {isa = PBXFileReference; lastKnownFileType = text.plist.strings; name = ko; path = ko.lproj/InfoPlist.strings; sourceTree = "<group>"; };
		A15E67AA26F0909700D1A9FB /* en */ = {isa = PBXFileReference; lastKnownFileType = text.plist.strings; name = en; path = en.lproj/InfoPlist.strings; sourceTree = "<group>"; };
		A1789374292506FE007893FB /* en */ = {isa = PBXFileReference; lastKnownFileType = text.plist.strings; name = en; path = en.lproj/Localizable.strings; sourceTree = "<group>"; };
		A178937629250701007893FB /* ko */ = {isa = PBXFileReference; lastKnownFileType = text.plist.strings; name = ko; path = ko.lproj/Localizable.strings; sourceTree = "<group>"; };
		A178937829250757007893FB /* String+.swift */ = {isa = PBXFileReference; lastKnownFileType = sourcecode.swift; path = "String+.swift"; sourceTree = "<group>"; };
		A180D55526D67AD10076458B /* atThatTimeHere.app */ = {isa = PBXFileReference; explicitFileType = wrapper.application; includeInIndex = 0; path = atThatTimeHere.app; sourceTree = BUILT_PRODUCTS_DIR; };
		A180D55826D67AD10076458B /* AppDelegate.swift */ = {isa = PBXFileReference; lastKnownFileType = sourcecode.swift; path = AppDelegate.swift; sourceTree = "<group>"; };
		A180D55A26D67AD10076458B /* SceneDelegate.swift */ = {isa = PBXFileReference; lastKnownFileType = sourcecode.swift; path = SceneDelegate.swift; sourceTree = "<group>"; };
		A180D55C26D67AD10076458B /* IntroViewController.swift */ = {isa = PBXFileReference; lastKnownFileType = sourcecode.swift; path = IntroViewController.swift; sourceTree = "<group>"; };
		A180D55F26D67AD10076458B /* Base */ = {isa = PBXFileReference; lastKnownFileType = file.storyboard; name = Base; path = Base.lproj/Main.storyboard; sourceTree = "<group>"; };
		A180D56126D67AD20076458B /* Assets.xcassets */ = {isa = PBXFileReference; lastKnownFileType = folder.assetcatalog; path = Assets.xcassets; sourceTree = "<group>"; };
		A180D56426D67AD20076458B /* Base */ = {isa = PBXFileReference; lastKnownFileType = file.storyboard; name = Base; path = Base.lproj/LaunchScreen.storyboard; sourceTree = "<group>"; };
		A180D56626D67AD20076458B /* Info.plist */ = {isa = PBXFileReference; lastKnownFileType = text.plist.xml; path = Info.plist; sourceTree = "<group>"; };
		A180D56D26D67BF90076458B /* Constants.swift */ = {isa = PBXFileReference; lastKnownFileType = sourcecode.swift; path = Constants.swift; sourceTree = "<group>"; };
		A180D56F26D67C0B0076458B /* SQLite.swift */ = {isa = PBXFileReference; lastKnownFileType = sourcecode.swift; path = SQLite.swift; sourceTree = "<group>"; };
		A180D57226D67CDB0076458B /* AuthService.swift */ = {isa = PBXFileReference; lastKnownFileType = sourcecode.swift; path = AuthService.swift; sourceTree = "<group>"; };
		A180D57526D67D0D0076458B /* NoteService.swift */ = {isa = PBXFileReference; lastKnownFileType = sourcecode.swift; path = NoteService.swift; sourceTree = "<group>"; };
		A180D57A26D67D9F0076458B /* User.swift */ = {isa = PBXFileReference; lastKnownFileType = sourcecode.swift; path = User.swift; sourceTree = "<group>"; };
		A180D57C26D67DBF0076458B /* AuthViewModel.swift */ = {isa = PBXFileReference; lastKnownFileType = sourcecode.swift; path = AuthViewModel.swift; sourceTree = "<group>"; };
		A180D57F26D67DE20076458B /* TextFieldWithPlaceholder.swift */ = {isa = PBXFileReference; lastKnownFileType = sourcecode.swift; path = TextFieldWithPlaceholder.swift; sourceTree = "<group>"; };
		A180D58126D67E060076458B /* MainTabViewController.swift */ = {isa = PBXFileReference; lastKnownFileType = sourcecode.swift; path = MainTabViewController.swift; sourceTree = "<group>"; };
		A180D58326D67E990076458B /* LoginViewController.swift */ = {isa = PBXFileReference; lastKnownFileType = sourcecode.swift; path = LoginViewController.swift; sourceTree = "<group>"; };
		A180D58526D71CBA0076458B /* RegisterViewController.swift */ = {isa = PBXFileReference; lastKnownFileType = sourcecode.swift; path = RegisterViewController.swift; sourceTree = "<group>"; };
		A180D58726D71CCC0076458B /* BaseViewController.swift */ = {isa = PBXFileReference; lastKnownFileType = sourcecode.swift; path = BaseViewController.swift; sourceTree = "<group>"; };
		A180D58926D72B640076458B /* NoteListViewController.swift */ = {isa = PBXFileReference; lastKnownFileType = sourcecode.swift; path = NoteListViewController.swift; sourceTree = "<group>"; };
		A180D58D26D737970076458B /* DXBarunscriptM-KSCpc-EUC-H.ttf */ = {isa = PBXFileReference; lastKnownFileType = file; path = "DXBarunscriptM-KSCpc-EUC-H.ttf"; sourceTree = "<group>"; };
		A180D58F26D747080076458B /* DividerView.swift */ = {isa = PBXFileReference; lastKnownFileType = sourcecode.swift; path = DividerView.swift; sourceTree = "<group>"; };
		A180D59126D74A7F0076458B /* MenuViewController.swift */ = {isa = PBXFileReference; lastKnownFileType = sourcecode.swift; path = MenuViewController.swift; sourceTree = "<group>"; };
		A180D59326D75C100076458B /* SettingViewController.swift */ = {isa = PBXFileReference; lastKnownFileType = sourcecode.swift; path = SettingViewController.swift; sourceTree = "<group>"; };
		A180D59526D766560076458B /* NoteViewController.swift */ = {isa = PBXFileReference; lastKnownFileType = sourcecode.swift; path = NoteViewController.swift; sourceTree = "<group>"; };
		A180D59726D766F30076458B /* NoteViewModel.swift */ = {isa = PBXFileReference; lastKnownFileType = sourcecode.swift; path = NoteViewModel.swift; sourceTree = "<group>"; };
		A180D59B26D77EA90076458B /* PhotoService.swift */ = {isa = PBXFileReference; lastKnownFileType = sourcecode.swift; path = PhotoService.swift; sourceTree = "<group>"; };
		C66BA5CF69611BEAC3EDC120 /* Pods-atThatTimeHere.release.xcconfig */ = {isa = PBXFileReference; includeInIndex = 1; lastKnownFileType = text.xcconfig; name = "Pods-atThatTimeHere.release.xcconfig"; path = "Target Support Files/Pods-atThatTimeHere/Pods-atThatTimeHere.release.xcconfig"; sourceTree = "<group>"; };
/* End PBXFileReference section */

/* Begin PBXFrameworksBuildPhase section */
		A180D55226D67AD10076458B /* Frameworks */ = {
			isa = PBXFrameworksBuildPhase;
			buildActionMask = 2147483647;
			files = (
				9EFB9A4261C702F5344DB24C /* Pods_atThatTimeHere.framework in Frameworks */,
			);
			runOnlyForDeploymentPostprocessing = 0;
		};
/* End PBXFrameworksBuildPhase section */

/* Begin PBXGroup section */
		88F4B3BDFCAA1B326BE9616C /* Frameworks */ = {
			isa = PBXGroup;
			children = (
				2DB03DBBED17A0E08486FEA1 /* Pods_atThatTimeHere.framework */,
			);
			name = Frameworks;
			sourceTree = "<group>";
		};
		971E257C502FA6AA0350ECD5 /* Pods */ = {
			isa = PBXGroup;
			children = (
				241F2CAA5EB3B204A8356B8F /* Pods-atThatTimeHere.debug.xcconfig */,
				C66BA5CF69611BEAC3EDC120 /* Pods-atThatTimeHere.release.xcconfig */,
			);
			path = Pods;
			sourceTree = "<group>";
		};
		A178936F2925012F007893FB /* Resources */ = {
			isa = PBXGroup;
			children = (
				A180D55E26D67AD10076458B /* Main.storyboard */,
				A180D56126D67AD20076458B /* Assets.xcassets */,
				A180D56326D67AD20076458B /* LaunchScreen.storyboard */,
			);
			path = Resources;
			sourceTree = "<group>";
		};
		A17893702925015C007893FB /* System */ = {
			isa = PBXGroup;
			children = (
				A180D55826D67AD10076458B /* AppDelegate.swift */,
				A180D55A26D67AD10076458B /* SceneDelegate.swift */,
			);
			path = System;
			sourceTree = "<group>";
		};
		A17893772925074F007893FB /* Extensions */ = {
			isa = PBXGroup;
			children = (
				A178937829250757007893FB /* String+.swift */,
			);
			path = Extensions;
			sourceTree = "<group>";
		};
		A180D54C26D67AD10076458B = {
			isa = PBXGroup;
			children = (
				A180D55726D67AD10076458B /* atThatTimeHere */,
				A180D55626D67AD10076458B /* Products */,
				971E257C502FA6AA0350ECD5 /* Pods */,
				88F4B3BDFCAA1B326BE9616C /* Frameworks */,
			);
			sourceTree = "<group>";
		};
		A180D55626D67AD10076458B /* Products */ = {
			isa = PBXGroup;
			children = (
				A180D55526D67AD10076458B /* atThatTimeHere.app */,
			);
			name = Products;
			sourceTree = "<group>";
		};
		A180D55726D67AD10076458B /* atThatTimeHere */ = {
			isa = PBXGroup;
			children = (
				A17893772925074F007893FB /* Extensions */,
				A17893702925015C007893FB /* System */,
				A178936F2925012F007893FB /* Resources */,
				A180D57926D67D4D0076458B /* Views */,
				A180D57826D67D430076458B /* ViewModels */,
				A180D57726D67D390076458B /* Models */,
				A180D57126D67CCE0076458B /* Services */,
				A180D56C26D67BE90076458B /* Utils */,
				A180D56626D67AD20076458B /* Info.plist */,
				A1789375292506FE007893FB /* Localizable.strings */,
				A15E67A926F0901C00D1A9FB /* InfoPlist.strings */,
				A180D58D26D737970076458B /* DXBarunscriptM-KSCpc-EUC-H.ttf */,
			);
			path = atThatTimeHere;
			sourceTree = "<group>";
		};
		A180D56C26D67BE90076458B /* Utils */ = {
			isa = PBXGroup;
			children = (
				A180D56D26D67BF90076458B /* Constants.swift */,
				A180D56F26D67C0B0076458B /* SQLite.swift */,
				A15E679826EB4C9C00D1A9FB /* CustomError.swift */,
			);
			path = Utils;
			sourceTree = "<group>";
		};
		A180D57126D67CCE0076458B /* Services */ = {
			isa = PBXGroup;
			children = (
				A180D57226D67CDB0076458B /* AuthService.swift */,
				A180D57526D67D0D0076458B /* NoteService.swift */,
				A180D59B26D77EA90076458B /* PhotoService.swift */,
				A109581B282BEA530005F493 /* SilencePlayerService.swift */,
			);
			path = Services;
			sourceTree = "<group>";
		};
		A180D57726D67D390076458B /* Models */ = {
			isa = PBXGroup;
			children = (
				A180D57A26D67D9F0076458B /* User.swift */,
				A15E678E26DDB7E100D1A9FB /* Note.swift */,
			);
			path = Models;
			sourceTree = "<group>";
		};
		A180D57826D67D430076458B /* ViewModels */ = {
			isa = PBXGroup;
			children = (
				A180D57C26D67DBF0076458B /* AuthViewModel.swift */,
				A180D59726D766F30076458B /* NoteViewModel.swift */,
				A15E679626E1067800D1A9FB /* NoteListViewModel.swift */,
			);
			path = ViewModels;
			sourceTree = "<group>";
		};
		A180D57926D67D4D0076458B /* Views */ = {
			isa = PBXGroup;
			children = (
				A180D57E26D67DCC0076458B /* Controllers */,
				A180D58F26D747080076458B /* DividerView.swift */,
				A180D57F26D67DE20076458B /* TextFieldWithPlaceholder.swift */,
				A15E679226DE568B00D1A9FB /* PickerPhotoView.swift */,
				A15E679426E0AB5700D1A9FB /* NoteListTableViewCell.swift */,
			);
			path = Views;
			sourceTree = "<group>";
		};
		A180D57E26D67DCC0076458B /* Controllers */ = {
			isa = PBXGroup;
			children = (
				A180D55C26D67AD10076458B /* IntroViewController.swift */,
				A180D58126D67E060076458B /* MainTabViewController.swift */,
				A180D58326D67E990076458B /* LoginViewController.swift */,
				A180D58526D71CBA0076458B /* RegisterViewController.swift */,
				A180D58726D71CCC0076458B /* BaseViewController.swift */,
				A180D58926D72B640076458B /* NoteListViewController.swift */,
				A180D59126D74A7F0076458B /* MenuViewController.swift */,
				A180D59326D75C100076458B /* SettingViewController.swift */,
				A180D59526D766560076458B /* NoteViewController.swift */,
			);
			path = Controllers;
			sourceTree = "<group>";
		};
/* End PBXGroup section */

/* Begin PBXNativeTarget section */
		A180D55426D67AD10076458B /* atThatTimeHere */ = {
			isa = PBXNativeTarget;
			buildConfigurationList = A180D56926D67AD20076458B /* Build configuration list for PBXNativeTarget "atThatTimeHere" */;
			buildPhases = (
				C3352C40746815B320BF7321 /* [CP] Check Pods Manifest.lock */,
				A180D55126D67AD10076458B /* Sources */,
				A180D55226D67AD10076458B /* Frameworks */,
				A180D55326D67AD10076458B /* Resources */,
				78808040A22BD63FF7A5FA1E /* [CP] Embed Pods Frameworks */,
			);
			buildRules = (
			);
			dependencies = (
			);
			name = atThatTimeHere;
			productName = atThatTimeHere;
			productReference = A180D55526D67AD10076458B /* atThatTimeHere.app */;
			productType = "com.apple.product-type.application";
		};
/* End PBXNativeTarget section */

/* Begin PBXProject section */
		A180D54D26D67AD10076458B /* Project object */ = {
			isa = PBXProject;
			attributes = {
				LastSwiftUpdateCheck = 1250;
				LastUpgradeCheck = 1250;
				TargetAttributes = {
					A180D55426D67AD10076458B = {
						CreatedOnToolsVersion = 12.5.1;
					};
				};
			};
			buildConfigurationList = A180D55026D67AD10076458B /* Build configuration list for PBXProject "atThatTimeHere" */;
			compatibilityVersion = "Xcode 9.3";
			developmentRegion = en;
			hasScannedForEncodings = 0;
			knownRegions = (
				en,
				Base,
				ko,
			);
			mainGroup = A180D54C26D67AD10076458B;
			productRefGroup = A180D55626D67AD10076458B /* Products */;
			projectDirPath = "";
			projectRoot = "";
			targets = (
				A180D55426D67AD10076458B /* atThatTimeHere */,
			);
		};
/* End PBXProject section */

/* Begin PBXResourcesBuildPhase section */
		A180D55326D67AD10076458B /* Resources */ = {
			isa = PBXResourcesBuildPhase;
			buildActionMask = 2147483647;
			files = (
				A180D58E26D737A90076458B /* DXBarunscriptM-KSCpc-EUC-H.ttf in Resources */,
				A1789373292506FE007893FB /* Localizable.strings in Resources */,
				A180D56526D67AD20076458B /* LaunchScreen.storyboard in Resources */,
				A180D56226D67AD20076458B /* Assets.xcassets in Resources */,
				A180D56026D67AD10076458B /* Main.storyboard in Resources */,
				A15E67A726F0901C00D1A9FB /* InfoPlist.strings in Resources */,
			);
			runOnlyForDeploymentPostprocessing = 0;
		};
/* End PBXResourcesBuildPhase section */

/* Begin PBXShellScriptBuildPhase section */
		78808040A22BD63FF7A5FA1E /* [CP] Embed Pods Frameworks */ = {
			isa = PBXShellScriptBuildPhase;
			buildActionMask = 2147483647;
			files = (
			);
			inputFileListPaths = (
				"${PODS_ROOT}/Target Support Files/Pods-atThatTimeHere/Pods-atThatTimeHere-frameworks-${CONFIGURATION}-input-files.xcfilelist",
			);
			name = "[CP] Embed Pods Frameworks";
			outputFileListPaths = (
				"${PODS_ROOT}/Target Support Files/Pods-atThatTimeHere/Pods-atThatTimeHere-frameworks-${CONFIGURATION}-output-files.xcfilelist",
			);
			runOnlyForDeploymentPostprocessing = 0;
			shellPath = /bin/sh;
			shellScript = "\"${PODS_ROOT}/Target Support Files/Pods-atThatTimeHere/Pods-atThatTimeHere-frameworks.sh\"\n";
			showEnvVarsInLog = 0;
		};
		C3352C40746815B320BF7321 /* [CP] Check Pods Manifest.lock */ = {
			isa = PBXShellScriptBuildPhase;
			buildActionMask = 2147483647;
			files = (
			);
			inputFileListPaths = (
			);
			inputPaths = (
				"${PODS_PODFILE_DIR_PATH}/Podfile.lock",
				"${PODS_ROOT}/Manifest.lock",
			);
			name = "[CP] Check Pods Manifest.lock";
			outputFileListPaths = (
			);
			outputPaths = (
				"$(DERIVED_FILE_DIR)/Pods-atThatTimeHere-checkManifestLockResult.txt",
			);
			runOnlyForDeploymentPostprocessing = 0;
			shellPath = /bin/sh;
			shellScript = "diff \"${PODS_PODFILE_DIR_PATH}/Podfile.lock\" \"${PODS_ROOT}/Manifest.lock\" > /dev/null\nif [ $? != 0 ] ; then\n    # print error to STDERR\n    echo \"error: The sandbox is not in sync with the Podfile.lock. Run 'pod install' or update your CocoaPods installation.\" >&2\n    exit 1\nfi\n# This output is used by Xcode 'outputs' to avoid re-running this script phase.\necho \"SUCCESS\" > \"${SCRIPT_OUTPUT_FILE_0}\"\n";
			showEnvVarsInLog = 0;
		};
/* End PBXShellScriptBuildPhase section */

/* Begin PBXSourcesBuildPhase section */
		A180D55126D67AD10076458B /* Sources */ = {
			isa = PBXSourcesBuildPhase;
			buildActionMask = 2147483647;
			files = (
				A180D59826D766F30076458B /* NoteViewModel.swift in Sources */,
				A180D58426D67E990076458B /* LoginViewController.swift in Sources */,
				A15E678F26DDB7E100D1A9FB /* Note.swift in Sources */,
				A180D55D26D67AD10076458B /* IntroViewController.swift in Sources */,
				A180D57026D67C0B0076458B /* SQLite.swift in Sources */,
				A180D57326D67CDB0076458B /* AuthService.swift in Sources */,
				A180D57626D67D0D0076458B /* NoteService.swift in Sources */,
				A180D59426D75C100076458B /* SettingViewController.swift in Sources */,
				A109581C282BEA530005F493 /* SilencePlayerService.swift in Sources */,
				A15E679726E1067800D1A9FB /* NoteListViewModel.swift in Sources */,
				A180D58826D71CCC0076458B /* BaseViewController.swift in Sources */,
				A180D57B26D67D9F0076458B /* User.swift in Sources */,
				A180D58026D67DE20076458B /* TextFieldWithPlaceholder.swift in Sources */,
				A15E679526E0AB5700D1A9FB /* NoteListTableViewCell.swift in Sources */,
				A15E679326DE568B00D1A9FB /* PickerPhotoView.swift in Sources */,
				A180D58A26D72B640076458B /* NoteListViewController.swift in Sources */,
				A15E679926EB4C9C00D1A9FB /* CustomError.swift in Sources */,
				A180D59C26D77EA90076458B /* PhotoService.swift in Sources */,
				A180D59026D747080076458B /* DividerView.swift in Sources */,
				A180D58226D67E060076458B /* MainTabViewController.swift in Sources */,
				A180D55926D67AD10076458B /* AppDelegate.swift in Sources */,
				A180D59226D74A7F0076458B /* MenuViewController.swift in Sources */,
				A180D55B26D67AD10076458B /* SceneDelegate.swift in Sources */,
				A180D58626D71CBA0076458B /* RegisterViewController.swift in Sources */,
				A180D59626D766560076458B /* NoteViewController.swift in Sources */,
				A180D56E26D67BF90076458B /* Constants.swift in Sources */,
				A178937929250757007893FB /* String+.swift in Sources */,
				A180D57D26D67DBF0076458B /* AuthViewModel.swift in Sources */,
			);
			runOnlyForDeploymentPostprocessing = 0;
		};
/* End PBXSourcesBuildPhase section */

/* Begin PBXVariantGroup section */
		A15E67A926F0901C00D1A9FB /* InfoPlist.strings */ = {
			isa = PBXVariantGroup;
			children = (
				A15E67A826F0901C00D1A9FB /* ko */,
				A15E67AA26F0909700D1A9FB /* en */,
			);
			name = InfoPlist.strings;
			sourceTree = "<group>";
		};
		A1789375292506FE007893FB /* Localizable.strings */ = {
			isa = PBXVariantGroup;
			children = (
				A1789374292506FE007893FB /* en */,
				A178937629250701007893FB /* ko */,
			);
			name = Localizable.strings;
			sourceTree = "<group>";
		};
		A180D55E26D67AD10076458B /* Main.storyboard */ = {
			isa = PBXVariantGroup;
			children = (
				A180D55F26D67AD10076458B /* Base */,
			);
			name = Main.storyboard;
			sourceTree = "<group>";
		};
		A180D56326D67AD20076458B /* LaunchScreen.storyboard */ = {
			isa = PBXVariantGroup;
			children = (
				A180D56426D67AD20076458B /* Base */,
			);
			name = LaunchScreen.storyboard;
			sourceTree = "<group>";
		};
/* End PBXVariantGroup section */

/* Begin XCBuildConfiguration section */
		A180D56726D67AD20076458B /* Debug */ = {
			isa = XCBuildConfiguration;
			buildSettings = {
				ALWAYS_SEARCH_USER_PATHS = NO;
				CLANG_ANALYZER_LOCALIZABILITY_NONLOCALIZED = YES;
				CLANG_ANALYZER_NONNULL = YES;
				CLANG_ANALYZER_NUMBER_OBJECT_CONVERSION = YES_AGGRESSIVE;
				CLANG_CXX_LANGUAGE_STANDARD = "gnu++14";
				CLANG_CXX_LIBRARY = "libc++";
				CLANG_ENABLE_MODULES = YES;
				CLANG_ENABLE_OBJC_ARC = YES;
				CLANG_ENABLE_OBJC_WEAK = YES;
				CLANG_WARN_BLOCK_CAPTURE_AUTORELEASING = YES;
				CLANG_WARN_BOOL_CONVERSION = YES;
				CLANG_WARN_COMMA = YES;
				CLANG_WARN_CONSTANT_CONVERSION = YES;
				CLANG_WARN_DEPRECATED_OBJC_IMPLEMENTATIONS = YES;
				CLANG_WARN_DIRECT_OBJC_ISA_USAGE = YES_ERROR;
				CLANG_WARN_DOCUMENTATION_COMMENTS = YES;
				CLANG_WARN_EMPTY_BODY = YES;
				CLANG_WARN_ENUM_CONVERSION = YES;
				CLANG_WARN_INFINITE_RECURSION = YES;
				CLANG_WARN_INT_CONVERSION = YES;
				CLANG_WARN_NON_LITERAL_NULL_CONVERSION = YES;
				CLANG_WARN_OBJC_IMPLICIT_RETAIN_SELF = YES;
				CLANG_WARN_OBJC_LITERAL_CONVERSION = YES;
				CLANG_WARN_OBJC_ROOT_CLASS = YES_ERROR;
				CLANG_WARN_QUOTED_INCLUDE_IN_FRAMEWORK_HEADER = YES;
				CLANG_WARN_RANGE_LOOP_ANALYSIS = YES;
				CLANG_WARN_STRICT_PROTOTYPES = YES;
				CLANG_WARN_SUSPICIOUS_MOVE = YES;
				CLANG_WARN_UNGUARDED_AVAILABILITY = YES_AGGRESSIVE;
				CLANG_WARN_UNREACHABLE_CODE = YES;
				CLANG_WARN__DUPLICATE_METHOD_MATCH = YES;
				COPY_PHASE_STRIP = NO;
				DEBUG_INFORMATION_FORMAT = dwarf;
				ENABLE_STRICT_OBJC_MSGSEND = YES;
				ENABLE_TESTABILITY = YES;
				GCC_C_LANGUAGE_STANDARD = gnu11;
				GCC_DYNAMIC_NO_PIC = NO;
				GCC_NO_COMMON_BLOCKS = YES;
				GCC_OPTIMIZATION_LEVEL = 0;
				GCC_PREPROCESSOR_DEFINITIONS = (
					"DEBUG=1",
					"$(inherited)",
				);
				GCC_WARN_64_TO_32_BIT_CONVERSION = YES;
				GCC_WARN_ABOUT_RETURN_TYPE = YES_ERROR;
				GCC_WARN_UNDECLARED_SELECTOR = YES;
				GCC_WARN_UNINITIALIZED_AUTOS = YES_AGGRESSIVE;
				GCC_WARN_UNUSED_FUNCTION = YES;
				GCC_WARN_UNUSED_VARIABLE = YES;
				IPHONEOS_DEPLOYMENT_TARGET = 14.1;
				MTL_ENABLE_DEBUG_INFO = INCLUDE_SOURCE;
				MTL_FAST_MATH = YES;
				ONLY_ACTIVE_ARCH = YES;
				SDKROOT = iphoneos;
				SWIFT_ACTIVE_COMPILATION_CONDITIONS = DEBUG;
				SWIFT_OPTIMIZATION_LEVEL = "-Onone";
			};
			name = Debug;
		};
		A180D56826D67AD20076458B /* Release */ = {
			isa = XCBuildConfiguration;
			buildSettings = {
				ALWAYS_SEARCH_USER_PATHS = NO;
				CLANG_ANALYZER_LOCALIZABILITY_NONLOCALIZED = YES;
				CLANG_ANALYZER_NONNULL = YES;
				CLANG_ANALYZER_NUMBER_OBJECT_CONVERSION = YES_AGGRESSIVE;
				CLANG_CXX_LANGUAGE_STANDARD = "gnu++14";
				CLANG_CXX_LIBRARY = "libc++";
				CLANG_ENABLE_MODULES = YES;
				CLANG_ENABLE_OBJC_ARC = YES;
				CLANG_ENABLE_OBJC_WEAK = YES;
				CLANG_WARN_BLOCK_CAPTURE_AUTORELEASING = YES;
				CLANG_WARN_BOOL_CONVERSION = YES;
				CLANG_WARN_COMMA = YES;
				CLANG_WARN_CONSTANT_CONVERSION = YES;
				CLANG_WARN_DEPRECATED_OBJC_IMPLEMENTATIONS = YES;
				CLANG_WARN_DIRECT_OBJC_ISA_USAGE = YES_ERROR;
				CLANG_WARN_DOCUMENTATION_COMMENTS = YES;
				CLANG_WARN_EMPTY_BODY = YES;
				CLANG_WARN_ENUM_CONVERSION = YES;
				CLANG_WARN_INFINITE_RECURSION = YES;
				CLANG_WARN_INT_CONVERSION = YES;
				CLANG_WARN_NON_LITERAL_NULL_CONVERSION = YES;
				CLANG_WARN_OBJC_IMPLICIT_RETAIN_SELF = YES;
				CLANG_WARN_OBJC_LITERAL_CONVERSION = YES;
				CLANG_WARN_OBJC_ROOT_CLASS = YES_ERROR;
				CLANG_WARN_QUOTED_INCLUDE_IN_FRAMEWORK_HEADER = YES;
				CLANG_WARN_RANGE_LOOP_ANALYSIS = YES;
				CLANG_WARN_STRICT_PROTOTYPES = YES;
				CLANG_WARN_SUSPICIOUS_MOVE = YES;
				CLANG_WARN_UNGUARDED_AVAILABILITY = YES_AGGRESSIVE;
				CLANG_WARN_UNREACHABLE_CODE = YES;
				CLANG_WARN__DUPLICATE_METHOD_MATCH = YES;
				COPY_PHASE_STRIP = NO;
				DEBUG_INFORMATION_FORMAT = "dwarf-with-dsym";
				ENABLE_NS_ASSERTIONS = NO;
				ENABLE_STRICT_OBJC_MSGSEND = YES;
				GCC_C_LANGUAGE_STANDARD = gnu11;
				GCC_NO_COMMON_BLOCKS = YES;
				GCC_WARN_64_TO_32_BIT_CONVERSION = YES;
				GCC_WARN_ABOUT_RETURN_TYPE = YES_ERROR;
				GCC_WARN_UNDECLARED_SELECTOR = YES;
				GCC_WARN_UNINITIALIZED_AUTOS = YES_AGGRESSIVE;
				GCC_WARN_UNUSED_FUNCTION = YES;
				GCC_WARN_UNUSED_VARIABLE = YES;
				IPHONEOS_DEPLOYMENT_TARGET = 14.1;
				MTL_ENABLE_DEBUG_INFO = NO;
				MTL_FAST_MATH = YES;
				SDKROOT = iphoneos;
				SWIFT_COMPILATION_MODE = wholemodule;
				SWIFT_OPTIMIZATION_LEVEL = "-O";
				VALIDATE_PRODUCT = YES;
			};
			name = Release;
		};
		A180D56A26D67AD20076458B /* Debug */ = {
			isa = XCBuildConfiguration;
			baseConfigurationReference = 241F2CAA5EB3B204A8356B8F /* Pods-atThatTimeHere.debug.xcconfig */;
			buildSettings = {
				ASSETCATALOG_COMPILER_APPICON_NAME = AppIcon;
				ASSETCATALOG_COMPILER_GLOBAL_ACCENT_COLOR_NAME = AccentColor;
				CODE_SIGN_STYLE = Automatic;
				CURRENT_PROJECT_VERSION = 2;
				DEVELOPMENT_TEAM = YB8GA5MLV5;
				INFOPLIST_FILE = atThatTimeHere/Info.plist;
				IPHONEOS_DEPLOYMENT_TARGET = 14.1;
				LD_RUNPATH_SEARCH_PATHS = (
					"$(inherited)",
					"@executable_path/Frameworks",
				);
				MARKETING_VERSION = 1.2.1;
				PRODUCT_BUNDLE_IDENTIFIER = yongmin.atThatTimeHere;
				PRODUCT_NAME = "$(TARGET_NAME)";
				SUPPORTED_PLATFORMS = "iphoneos iphonesimulator";
				SUPPORTS_MACCATALYST = NO;
				SUPPORTS_MAC_DESIGNED_FOR_IPHONE_IPAD = NO;
				SWIFT_VERSION = 5.0;
				TARGETED_DEVICE_FAMILY = 1;
			};
			name = Debug;
		};
		A180D56B26D67AD20076458B /* Release */ = {
			isa = XCBuildConfiguration;
			baseConfigurationReference = C66BA5CF69611BEAC3EDC120 /* Pods-atThatTimeHere.release.xcconfig */;
			buildSettings = {
				ASSETCATALOG_COMPILER_APPICON_NAME = AppIcon;
				ASSETCATALOG_COMPILER_GLOBAL_ACCENT_COLOR_NAME = AccentColor;
				CODE_SIGN_STYLE = Automatic;
				CURRENT_PROJECT_VERSION = 2;
				DEVELOPMENT_TEAM = YB8GA5MLV5;
				INFOPLIST_FILE = atThatTimeHere/Info.plist;
				IPHONEOS_DEPLOYMENT_TARGET = 14.1;
				LD_RUNPATH_SEARCH_PATHS = (
					"$(inherited)",
					"@executable_path/Frameworks",
				);
				MARKETING_VERSION = 1.2.1;
				PRODUCT_BUNDLE_IDENTIFIER = yongmin.atThatTimeHere;
				PRODUCT_NAME = "$(TARGET_NAME)";
				SUPPORTED_PLATFORMS = "iphoneos iphonesimulator";
				SUPPORTS_MACCATALYST = NO;
				SUPPORTS_MAC_DESIGNED_FOR_IPHONE_IPAD = NO;
				SWIFT_VERSION = 5.0;
				TARGETED_DEVICE_FAMILY = 1;
			};
			name = Release;
		};
/* End XCBuildConfiguration section */

/* Begin XCConfigurationList section */
		A180D55026D67AD10076458B /* Build configuration list for PBXProject "atThatTimeHere" */ = {
			isa = XCConfigurationList;
			buildConfigurations = (
				A180D56726D67AD20076458B /* Debug */,
				A180D56826D67AD20076458B /* Release */,
			);
			defaultConfigurationIsVisible = 0;
			defaultConfigurationName = Release;
		};
		A180D56926D67AD20076458B /* Build configuration list for PBXNativeTarget "atThatTimeHere" */ = {
			isa = XCConfigurationList;
			buildConfigurations = (
				A180D56A26D67AD20076458B /* Debug */,
				A180D56B26D67AD20076458B /* Release */,
			);
			defaultConfigurationIsVisible = 0;
			defaultConfigurationName = Release;
		};
/* End XCConfigurationList section */
	};
	rootObject = A180D54D26D67AD10076458B /* Project object */;
}
